
Microsoft Visual Studio Solution File, Format Version 12.00
# Visual Studio Version 17
VisualStudioVersion = 17.6.33815.320
MinimumVisualStudioVersion = 10.0.40219.1
Project("{FAE04EC0-301F-11D3-BF4B-00C04F79EFBC}") = "AOP.ProxyPattern", "AOP.ProxyPattern\AOP.ProxyPattern.csproj", "{8D01536E-18D5-445A-8371-60247E7F4FB4}"
EndProject
Global
	GlobalSection(SolutionConfigurationPlatforms) = preSolution
		Debug|Any CPU = Debug|Any CPU
		Release|Any CPU = Release|Any CPU
	EndGlobalSection
	GlobalSection(ProjectConfigurationPlatforms) = postSolution
		{8D01536E-18D5-445A-8371-60247E7F4FB4}.Debug|Any CPU.ActiveCfg = Debug|Any CPU
		{8D01536E-18D5-445A-8371-60247E7F4FB4}.Debug|Any CPU.Build.0 = Debug|Any CPU
		{8D01536E-18D5-445A-8371-60247E7F4FB4}.Release|Any CPU.ActiveCfg = Release|Any CPU
		{8D01536E-18D5-445A-8371-60247E7F4FB4}.Release|Any CPU.Build.0 = Release|Any CPU
	EndGlobalSection
	GlobalSection(SolutionProperties) = preSolution
		HideSolutionNode = FALSE
	EndGlobalSection
	GlobalSection(ExtensibilityGlobals) = postSolution
		SolutionGuid = {E6D44F64-F91F-4E2C-B00C-1ABCFAA2E0AD}
	EndGlobalSection
EndGlobal
